// !$*UTF8*$!
{
	archiveVersion = 1;
	classes = {
	};
	objectVersion = 77;
	objects = {

/* Begin PBXBuildFile section */
		1F9FDF1855EA90DE855EC535 /* ClipAppDelegate.swift in Sources */ = {isa = PBXBuildFile; fileRef = 9F2E2DB7921413918FDF96D0 /* ClipAppDelegate.swift */; };
		2D9EA86D84735126D1C3A9F4 /* ClipNFCReader.swift in Sources */ = {isa = PBXBuildFile; fileRef = 23E1910FAE5FDDF4B3ACD1C4 /* ClipNFCReader.swift */; };
		3649CDEE4901B3B61A42F683 /* Assets.xcassets in Resources */ = {isa = PBXBuildFile; fileRef = D3FC75C661C314C88ACF3F3D /* Assets.xcassets */; };
		49FE6DCD1BC494CF2020563B /* Assets.xcassets in Resources */ = {isa = PBXBuildFile; fileRef = 1181255328FE67C35E62825A /* Assets.xcassets */; };
		61193F175D955A72FBADF13E /* WebViewController.swift in Sources */ = {isa = PBXBuildFile; fileRef = BE1A6E6E5BDB5EBA743EEF80 /* WebViewController.swift */; };
		7C28621508875D1EBB193983 /* sol-new Clip.app in Embed App Clips */ = {isa = PBXBuildFile; fileRef = 1ED978229A49A7DB5F126BB4 /* sol-new Clip.app */; settings = {ATTRIBUTES = (RemoveHeadersOnCopy, ); }; };
		AE872D45114A34D1B6E3723B /* LaunchScreen.storyboard in Resources */ = {isa = PBXBuildFile; fileRef = 0716749D73F3F560190D1E59 /* LaunchScreen.storyboard */; };
		BF92A4E856B1C5D8511DFE72 /* AppDelegate.swift in Sources */ = {isa = PBXBuildFile; fileRef = C27F566C35506A02E742F0FF /* AppDelegate.swift */; };
		DE01EA7C1A0EE0718091040D /* SceneDelegate.swift in Sources */ = {isa = PBXBuildFile; fileRef = 742AB21F834B706CD47BD036 /* SceneDelegate.swift */; };
		F15A068469AC230A6E55E602 /* ClipWebViewController.swift in Sources */ = {isa = PBXBuildFile; fileRef = 990D060C405B5D8C7F8705AD /* ClipWebViewController.swift */; };
/* End PBXBuildFile section */

/* Begin PBXContainerItemProxy section */
		A0ADCBBFAEFA18097F6ABA95 /* PBXContainerItemProxy */ = {
			isa = PBXContainerItemProxy;
			containerPortal = 2EE4F510C7DBE3B47015C0FD /* Project object */;
			proxyType = 1;
			remoteGlobalIDString = 3CCD396F257DA45C96D5FA90;
			remoteInfo = "sol-new Clip";
		};
/* End PBXContainerItemProxy section */

/* Begin PBXCopyFilesBuildPhase section */
		727F8E2F32A9455B5D1A469E /* Embed App Clips */ = {
			isa = PBXCopyFilesBuildPhase;
			buildActionMask = 2147483647;
			dstPath = "$(CONTENTS_FOLDER_PATH)/AppClips";
			dstSubfolderSpec = 16;
			files = (
				7C28621508875D1EBB193983 /* sol-new Clip.app in Embed App Clips */,
			);
			name = "Embed App Clips";
			runOnlyForDeploymentPostprocessing = 0;
		};
/* End PBXCopyFilesBuildPhase section */

/* Begin PBXFileReference section */
		0716749D73F3F560190D1E59 /* LaunchScreen.storyboard */ = {isa = PBXFileReference; lastKnownFileType = file.storyboard; path = LaunchScreen.storyboard; sourceTree = "<group>"; };
		0ADFEF87F4D45361F63A9EA9 /* Info.plist */ = {isa = PBXFileReference; lastKnownFileType = text.plist; path = Info.plist; sourceTree = "<group>"; };
		1181255328FE67C35E62825A /* Assets.xcassets */ = {isa = PBXFileReference; lastKnownFileType = folder.assetcatalog; path = Assets.xcassets; sourceTree = "<group>"; };
		1ED978229A49A7DB5F126BB4 /* sol-new Clip.app */ = {isa = PBXFileReference; includeInIndex = 0; lastKnownFileType = wrapper.application; path = "sol-new Clip.app"; sourceTree = BUILT_PRODUCTS_DIR; };
		23E1910FAE5FDDF4B3ACD1C4 /* ClipNFCReader.swift */ = {isa = PBXFileReference; lastKnownFileType = sourcecode.swift; path = ClipNFCReader.swift; sourceTree = "<group>"; };
		742AB21F834B706CD47BD036 /* SceneDelegate.swift */ = {isa = PBXFileReference; lastKnownFileType = sourcecode.swift; path = SceneDelegate.swift; sourceTree = "<group>"; };
		9578A47ED0CADD163092D10A /* sol-new.app */ = {isa = PBXFileReference; includeInIndex = 0; lastKnownFileType = wrapper.application; path = "sol-new.app"; sourceTree = BUILT_PRODUCTS_DIR; };
		990D060C405B5D8C7F8705AD /* ClipWebViewController.swift */ = {isa = PBXFileReference; lastKnownFileType = sourcecode.swift; path = ClipWebViewController.swift; sourceTree = "<group>"; };
		9ECF996548FFCF199AB1B6CC /* Info.plist */ = {isa = PBXFileReference; lastKnownFileType = text.plist; path = Info.plist; sourceTree = "<group>"; };
		9F2E2DB7921413918FDF96D0 /* ClipAppDelegate.swift */ = {isa = PBXFileReference; lastKnownFileType = sourcecode.swift; path = ClipAppDelegate.swift; sourceTree = "<group>"; };
		BE1A6E6E5BDB5EBA743EEF80 /* WebViewController.swift */ = {isa = PBXFileReference; lastKnownFileType = sourcecode.swift; path = WebViewController.swift; sourceTree = "<group>"; };
		C27F566C35506A02E742F0FF /* AppDelegate.swift */ = {isa = PBXFileReference; lastKnownFileType = sourcecode.swift; path = AppDelegate.swift; sourceTree = "<group>"; };
		D3FC75C661C314C88ACF3F3D /* Assets.xcassets */ = {isa = PBXFileReference; lastKnownFileType = folder.assetcatalog; path = Assets.xcassets; sourceTree = "<group>"; };
		E99B323E427502BD71A13E8A /* sol-new.entitlements */ = {isa = PBXFileReference; lastKnownFileType = text.plist.entitlements; path = "sol-new.entitlements"; sourceTree = "<group>"; };
		EB7E2DE2DFF5720120EA4EDC /* Clip.entitlements */ = {isa = PBXFileReference; lastKnownFileType = text.plist.entitlements; path = Clip.entitlements; sourceTree = "<group>"; };
/* End PBXFileReference section */

/* Begin PBXGroup section */
		012248CB69EE5E31C11AA53C /* Products */ = {
			isa = PBXGroup;
			children = (
				1ED978229A49A7DB5F126BB4 /* sol-new Clip.app */,
				9578A47ED0CADD163092D10A /* sol-new.app */,
			);
			name = Products;
			sourceTree = "<group>";
		};
		3421C92D2744C553D56B3F7B /* sol-new */ = {
			isa = PBXGroup;
			children = (
				C27F566C35506A02E742F0FF /* AppDelegate.swift */,
				1181255328FE67C35E62825A /* Assets.xcassets */,
				0ADFEF87F4D45361F63A9EA9 /* Info.plist */,
				0716749D73F3F560190D1E59 /* LaunchScreen.storyboard */,
				742AB21F834B706CD47BD036 /* SceneDelegate.swift */,
				E99B323E427502BD71A13E8A /* sol-new.entitlements */,
				BE1A6E6E5BDB5EBA743EEF80 /* WebViewController.swift */,
			);
			path = "sol-new";
			sourceTree = "<group>";
		};
		38167408463B15258780E2EF = {
			isa = PBXGroup;
			children = (
				DF30E6DCBF926AE30D1D9D9A /* Clip */,
				3421C92D2744C553D56B3F7B /* sol-new */,
				012248CB69EE5E31C11AA53C /* Products */,
			);
			sourceTree = "<group>";
		};
		DF30E6DCBF926AE30D1D9D9A /* Clip */ = {
			isa = PBXGroup;
			children = (
				D3FC75C661C314C88ACF3F3D /* Assets.xcassets */,
				EB7E2DE2DFF5720120EA4EDC /* Clip.entitlements */,
				9F2E2DB7921413918FDF96D0 /* ClipAppDelegate.swift */,
				23E1910FAE5FDDF4B3ACD1C4 /* ClipNFCReader.swift */,
				990D060C405B5D8C7F8705AD /* ClipWebViewController.swift */,
				9ECF996548FFCF199AB1B6CC /* Info.plist */,
			);
			path = Clip;
			sourceTree = "<group>";
		};
/* End PBXGroup section */

/* Begin PBXNativeTarget section */
		3CCD396F257DA45C96D5FA90 /* sol-new Clip */ = {
			isa = PBXNativeTarget;
			buildConfigurationList = 0CED46EE83C98C32C109B083 /* Build configuration list for PBXNativeTarget "sol-new Clip" */;
			buildPhases = (
				EA8C0D764F143B7F9A7A1502 /* Sources */,
				2F160BC6080AE1FD488BC368 /* Resources */,
			);
			buildRules = (
			);
			dependencies = (
			);
			name = "sol-new Clip";
			packageProductDependencies = (
			);
			productName = "sol-new Clip";
			productReference = 1ED978229A49A7DB5F126BB4 /* sol-new Clip.app */;
			productType = "com.apple.product-type.application.on-demand-install-capable";
		};
		E091410F8E168B7F2CEBE01F /* sol-new */ = {
			isa = PBXNativeTarget;
			buildConfigurationList = FF967FBDE8097CBFD59A2E08 /* Build configuration list for PBXNativeTarget "sol-new" */;
			buildPhases = (
				0C512661C07BEC36AED7AC3D /* Sources */,
				36F763BF64FBB2F50DDAD2D9 /* Resources */,
				727F8E2F32A9455B5D1A469E /* Embed App Clips */,
			);
			buildRules = (
			);
			dependencies = (
				71037CD8A21B655AD4591A4E /* PBXTargetDependency */,
			);
			name = "sol-new";
			packageProductDependencies = (
			);
			productName = "sol-new";
			productReference = 9578A47ED0CADD163092D10A /* sol-new.app */;
			productType = "com.apple.product-type.application";
		};
/* End PBXNativeTarget section */

/* Begin PBXProject section */
		2EE4F510C7DBE3B47015C0FD /* Project object */ = {
			isa = PBXProject;
			attributes = {
				BuildIndependentTargetsInParallel = YES;
				LastUpgradeCheck = 1430;
				TargetAttributes = {
					3CCD396F257DA45C96D5FA90 = {
						DevelopmentTeam = 4CK2SMVS2Y;
						ProvisioningStyle = Automatic;
					};
					E091410F8E168B7F2CEBE01F = {
						DevelopmentTeam = 4CK2SMVS2Y;
						ProvisioningStyle = Automatic;
					};
				};
			};
			buildConfigurationList = 104D5E33C5C2CBBD9A44435A /* Build configuration list for PBXProject "sol-new" */;
			developmentRegion = en;
			hasScannedForEncodings = 0;
			knownRegions = (
				Base,
				en,
			);
			mainGroup = 38167408463B15258780E2EF;
			minimizedProjectReferenceProxies = 1;
			preferredProjectObjectVersion = 77;
			productRefGroup = 012248CB69EE5E31C11AA53C /* Products */;
			projectDirPath = "";
			projectRoot = "";
			targets = (
				E091410F8E168B7F2CEBE01F /* sol-new */,
				3CCD396F257DA45C96D5FA90 /* sol-new Clip */,
			);
		};
/* End PBXProject section */

/* Begin PBXResourcesBuildPhase section */
		2F160BC6080AE1FD488BC368 /* Resources */ = {
			isa = PBXResourcesBuildPhase;
			buildActionMask = 2147483647;
			files = (
				3649CDEE4901B3B61A42F683 /* Assets.xcassets in Resources */,
			);
			runOnlyForDeploymentPostprocessing = 0;
		};
		36F763BF64FBB2F50DDAD2D9 /* Resources */ = {
			isa = PBXResourcesBuildPhase;
			buildActionMask = 2147483647;
			files = (
				49FE6DCD1BC494CF2020563B /* Assets.xcassets in Resources */,
				AE872D45114A34D1B6E3723B /* LaunchScreen.storyboard in Resources */,
			);
			runOnlyForDeploymentPostprocessing = 0;
		};
/* End PBXResourcesBuildPhase section */

/* Begin PBXSourcesBuildPhase section */
		0C512661C07BEC36AED7AC3D /* Sources */ = {
			isa = PBXSourcesBuildPhase;
			buildActionMask = 2147483647;
			files = (
				BF92A4E856B1C5D8511DFE72 /* AppDelegate.swift in Sources */,
				DE01EA7C1A0EE0718091040D /* SceneDelegate.swift in Sources */,
				61193F175D955A72FBADF13E /* WebViewController.swift in Sources */,
			);
			runOnlyForDeploymentPostprocessing = 0;
		};
		EA8C0D764F143B7F9A7A1502 /* Sources */ = {
			isa = PBXSourcesBuildPhase;
			buildActionMask = 2147483647;
			files = (
				1F9FDF1855EA90DE855EC535 /* ClipAppDelegate.swift in Sources */,
				2D9EA86D84735126D1C3A9F4 /* ClipNFCReader.swift in Sources */,
				F15A068469AC230A6E55E602 /* ClipWebViewController.swift in Sources */,
			);
			runOnlyForDeploymentPostprocessing = 0;
		};
/* End PBXSourcesBuildPhase section */

/* Begin PBXTargetDependency section */
		71037CD8A21B655AD4591A4E /* PBXTargetDependency */ = {
			isa = PBXTargetDependency;
			target = 3CCD396F257DA45C96D5FA90 /* sol-new Clip */;
			targetProxy = A0ADCBBFAEFA18097F6ABA95 /* PBXContainerItemProxy */;
		};
/* End PBXTargetDependency section */

/* Begin XCBuildConfiguration section */
		11E5906CF63E3CBA9C66B661 /* Debug */ = {
			isa = XCBuildConfiguration;
			buildSettings = {
				ALWAYS_SEARCH_USER_PATHS = NO;
				CLANG_ANALYZER_NONNULL = YES;
				CLANG_ANALYZER_NUMBER_OBJECT_CONVERSION = YES_AGGRESSIVE;
				CLANG_CXX_LANGUAGE_STANDARD = "gnu++14";
				CLANG_CXX_LIBRARY = "libc++";
				CLANG_ENABLE_MODULES = YES;
				CLANG_ENABLE_OBJC_ARC = YES;
				CLANG_ENABLE_OBJC_WEAK = YES;
				CLANG_WARN_BLOCK_CAPTURE_AUTORELEASING = YES;
				CLANG_WARN_BOOL_CONVERSION = YES;
				CLANG_WARN_COMMA = YES;
				CLANG_WARN_CONSTANT_CONVERSION = YES;
				CLANG_WARN_DEPRECATED_OBJC_IMPLEMENTATIONS = YES;
				CLANG_WARN_DIRECT_OBJC_ISA_USAGE = YES_ERROR;
				CLANG_WARN_DOCUMENTATION_COMMENTS = YES;
				CLANG_WARN_EMPTY_BODY = YES;
				CLANG_WARN_ENUM_CONVERSION = YES;
				CLANG_WARN_INFINITE_RECURSION = YES;
				CLANG_WARN_INT_CONVERSION = YES;
				CLANG_WARN_NON_LITERAL_NULL_CONVERSION = YES;
				CLANG_WARN_OBJC_IMPLICIT_RETAIN_SELF = YES;
				CLANG_WARN_OBJC_LITERAL_CONVERSION = YES;
				CLANG_WARN_OBJC_ROOT_CLASS = YES_ERROR;
				CLANG_WARN_QUOTED_INCLUDE_IN_FRAMEWORK_HEADER = YES;
				CLANG_WARN_RANGE_LOOP_ANALYSIS = YES;
				CLANG_WARN_STRICT_PROTOTYPES = YES;
				CLANG_WARN_SUSPICIOUS_MOVE = YES;
				CLANG_WARN_UNGUARDED_AVAILABILITY = YES_AGGRESSIVE;
				CLANG_WARN_UNREACHABLE_CODE = YES;
				CLANG_WARN__DUPLICATE_METHOD_MATCH = YES;
				CODE_SIGN_STYLE = Automatic;
				COPY_PHASE_STRIP = NO;
				CURRENT_PROJECT_VERSION = 1;
				DEBUG_INFORMATION_FORMAT = dwarf;
				DEVELOPMENT_TEAM = 4CK2SMVS2Y;
				ENABLE_STRICT_OBJC_MSGSEND = YES;
				ENABLE_TESTABILITY = YES;
				ENABLE_USER_SCRIPT_SANDBOXING = YES;
				GCC_C_LANGUAGE_STANDARD = gnu11;
				GCC_DYNAMIC_NO_PIC = NO;
				GCC_NO_COMMON_BLOCKS = YES;
				GCC_OPTIMIZATION_LEVEL = 0;
				GCC_PREPROCESSOR_DEFINITIONS = (
					"$(inherited)",
					"DEBUG=1",
				);
				GCC_WARN_64_TO_32_BIT_CONVERSION = YES;
				GCC_WARN_ABOUT_RETURN_TYPE = YES_ERROR;
				GCC_WARN_UNDECLARED_SELECTOR = YES;
				GCC_WARN_UNINITIALIZED_AUTOS = YES_AGGRESSIVE;
				GCC_WARN_UNUSED_FUNCTION = YES;
				GCC_WARN_UNUSED_VARIABLE = YES;
				IPHONEOS_DEPLOYMENT_TARGET = 16.0;
				MARKETING_VERSION = 1.0.0;
				MTL_ENABLE_DEBUG_INFO = INCLUDE_SOURCE;
				MTL_FAST_MATH = YES;
				ONLY_ACTIVE_ARCH = YES;
				PRODUCT_NAME = "$(TARGET_NAME)";
				SDKROOT = iphoneos;
				SWIFT_ACTIVE_COMPILATION_CONDITIONS = DEBUG;
				SWIFT_OPTIMIZATION_LEVEL = "-Onone";
				SWIFT_VERSION = 5.9;
			};
			name = Debug;
		};
		1EF17C1B250F04FC7D0E9B5A /* Release */ = {
			isa = XCBuildConfiguration;
			buildSettings = {
				ASSETCATALOG_COMPILER_APPICON_NAME = AppIcon;
				CODE_SIGN_ENTITLEMENTS = Clip/Clip.entitlements;
				INFOPLIST_FILE = Clip/Info.plist;
				INFOPLIST_KEY_UILaunchScreen_Generation = YES;
				IPHONEOS_DEPLOYMENT_TARGET = 16.0;
				LD_RUNPATH_SEARCH_PATHS = (
					"$(inherited)",
					"@executable_path/Frameworks",
				);
				PRODUCT_BUNDLE_IDENTIFIER = new.sol.Clip;
				PRODUCT_NAME = "sol-new Clip";
				SDKROOT = iphoneos;
				SUPPORTS_MACCATALYST = NO;
				TARGETED_DEVICE_FAMILY = 1;
			};
			name = Release;
		};
		4B24D3085721BB4BD85FCB1F /* Release */ = {
			isa = XCBuildConfiguration;
			buildSettings = {
				ASSETCATALOG_COMPILER_APPICON_NAME = AppIcon;
				CODE_SIGN_ENTITLEMENTS = "sol-new/sol-new.entitlements";
				CODE_SIGN_IDENTITY = "iPhone Developer";
				INFOPLIST_FILE = "sol-new/Info.plist";
				INFOPLIST_KEY_UILaunchScreen_Generation = YES;
				IPHONEOS_DEPLOYMENT_TARGET = 16.0;
				LD_RUNPATH_SEARCH_PATHS = (
					"$(inherited)",
					"@executable_path/Frameworks",
				);
				PRODUCT_BUNDLE_IDENTIFIER = new.sol;
				PRODUCT_NAME = "sol-new";
				SDKROOT = iphoneos;
				SUPPORTS_MACCATALYST = NO;
				SUPPORTS_MAC_DESIGNED_FOR_IPHONE_IPAD = NO;
				TARGETED_DEVICE_FAMILY = "1,2";
			};
			name = Release;
		};
		A1D8FA8DD0560648F5A540AF /* Debug */ = {
			isa = XCBuildConfiguration;
			buildSettings = {
				ASSETCATALOG_COMPILER_APPICON_NAME = AppIcon;
				CODE_SIGN_ENTITLEMENTS = Clip/Clip.entitlements;
				INFOPLIST_FILE = Clip/Info.plist;
				INFOPLIST_KEY_UILaunchScreen_Generation = YES;
				IPHONEOS_DEPLOYMENT_TARGET = 16.0;
				LD_RUNPATH_SEARCH_PATHS = (
					"$(inherited)",
					"@executable_path/Frameworks",
				);
				PRODUCT_BUNDLE_IDENTIFIER = new.sol.Clip;
				PRODUCT_NAME = "sol-new Clip";
				SDKROOT = iphoneos;
				SUPPORTS_MACCATALYST = NO;
				TARGETED_DEVICE_FAMILY = 1;
			};
			name = Debug;
		};
		D18DF1847988217816AF855B /* Release */ = {
			isa = XCBuildConfiguration;
			buildSettings = {
				ALWAYS_SEARCH_USER_PATHS = NO;
				CLANG_ANALYZER_NONNULL = YES;
				CLANG_ANALYZER_NUMBER_OBJECT_CONVERSION = YES_AGGRESSIVE;
				CLANG_CXX_LANGUAGE_STANDARD = "gnu++14";
				CLANG_CXX_LIBRARY = "libc++";
				CLANG_ENABLE_MODULES = YES;
				CLANG_ENABLE_OBJC_ARC = YES;
				CLANG_ENABLE_OBJC_WEAK = YES;
				CLANG_WARN_BLOCK_CAPTURE_AUTORELEASING = YES;
				CLANG_WARN_BOOL_CONVERSION = YES;
				CLANG_WARN_COMMA = YES;
				CLANG_WARN_CONSTANT_CONVERSION = YES;
				CLANG_WARN_DEPRECATED_OBJC_IMPLEMENTATIONS = YES;
				CLANG_WARN_DIRECT_OBJC_ISA_USAGE = YES_ERROR;
				CLANG_WARN_DOCUMENTATION_COMMENTS = YES;
				CLANG_WARN_EMPTY_BODY = YES;
				CLANG_WARN_ENUM_CONVERSION = YES;
				CLANG_WARN_INFINITE_RECURSION = YES;
				CLANG_WARN_INT_CONVERSION = YES;
				CLANG_WARN_NON_LITERAL_NULL_CONVERSION = YES;
				CLANG_WARN_OBJC_IMPLICIT_RETAIN_SELF = YES;
				CLANG_WARN_OBJC_LITERAL_CONVERSION = YES;
				CLANG_WARN_OBJC_ROOT_CLASS = YES_ERROR;
				CLANG_WARN_QUOTED_INCLUDE_IN_FRAMEWORK_HEADER = YES;
				CLANG_WARN_RANGE_LOOP_ANALYSIS = YES;
				CLANG_WARN_STRICT_PROTOTYPES = YES;
				CLANG_WARN_SUSPICIOUS_MOVE = YES;
				CLANG_WARN_UNGUARDED_AVAILABILITY = YES_AGGRESSIVE;
				CLANG_WARN_UNREACHABLE_CODE = YES;
				CLANG_WARN__DUPLICATE_METHOD_MATCH = YES;
				CODE_SIGN_STYLE = Automatic;
				COPY_PHASE_STRIP = NO;
				CURRENT_PROJECT_VERSION = 1;
				DEBUG_INFORMATION_FORMAT = "dwarf-with-dsym";
				DEVELOPMENT_TEAM = 4CK2SMVS2Y;
				ENABLE_NS_ASSERTIONS = NO;
				ENABLE_STRICT_OBJC_MSGSEND = YES;
				ENABLE_USER_SCRIPT_SANDBOXING = YES;
				GCC_C_LANGUAGE_STANDARD = gnu11;
				GCC_NO_COMMON_BLOCKS = YES;
				GCC_WARN_64_TO_32_BIT_CONVERSION = YES;
				GCC_WARN_ABOUT_RETURN_TYPE = YES_ERROR;
				GCC_WARN_UNDECLARED_SELECTOR = YES;
				GCC_WARN_UNINITIALIZED_AUTOS = YES_AGGRESSIVE;
				GCC_WARN_UNUSED_FUNCTION = YES;
				GCC_WARN_UNUSED_VARIABLE = YES;
				IPHONEOS_DEPLOYMENT_TARGET = 16.0;
				MARKETING_VERSION = 1.0.0;
				MTL_ENABLE_DEBUG_INFO = NO;
				MTL_FAST_MATH = YES;
				PRODUCT_NAME = "$(TARGET_NAME)";
				SDKROOT = iphoneos;
				SWIFT_COMPILATION_MODE = wholemodule;
				SWIFT_OPTIMIZATION_LEVEL = "-O";
				SWIFT_VERSION = 5.9;
			};
			name = Release;
		};
		E6F06316445CF7591F8E04C1 /* Debug */ = {
			isa = XCBuildConfiguration;
			buildSettings = {
				ASSETCATALOG_COMPILER_APPICON_NAME = AppIcon;
				CODE_SIGN_ENTITLEMENTS = "sol-new/sol-new.entitlements";
				CODE_SIGN_IDENTITY = "iPhone Developer";
				INFOPLIST_FILE = "sol-new/Info.plist";
				INFOPLIST_KEY_UILaunchScreen_Generation = YES;
				IPHONEOS_DEPLOYMENT_TARGET = 16.0;
				LD_RUNPATH_SEARCH_PATHS = (
					"$(inherited)",
					"@executable_path/Frameworks",
				);
				PRODUCT_BUNDLE_IDENTIFIER = new.sol;
				PRODUCT_NAME = "sol-new";
				SDKROOT = iphoneos;
				SUPPORTS_MACCATALYST = NO;
				SUPPORTS_MAC_DESIGNED_FOR_IPHONE_IPAD = NO;
				TARGETED_DEVICE_FAMILY = "1,2";
			};
			name = Debug;
		};
/* End XCBuildConfiguration section */

/* Begin XCConfigurationList section */
		0CED46EE83C98C32C109B083 /* Build configuration list for PBXNativeTarget "sol-new Clip" */ = {
			isa = XCConfigurationList;
			buildConfigurations = (
				A1D8FA8DD0560648F5A540AF /* Debug */,
				1EF17C1B250F04FC7D0E9B5A /* Release */,
			);
			defaultConfigurationIsVisible = 0;
			defaultConfigurationName = Debug;
		};
		104D5E33C5C2CBBD9A44435A /* Build configuration list for PBXProject "sol-new" */ = {
			isa = XCConfigurationList;
			buildConfigurations = (
				11E5906CF63E3CBA9C66B661 /* Debug */,
				D18DF1847988217816AF855B /* Release */,
			);
			defaultConfigurationIsVisible = 0;
			defaultConfigurationName = Debug;
		};
		FF967FBDE8097CBFD59A2E08 /* Build configuration list for PBXNativeTarget "sol-new" */ = {
			isa = XCConfigurationList;
			buildConfigurations = (
				E6F06316445CF7591F8E04C1 /* Debug */,
				4B24D3085721BB4BD85FCB1F /* Release */,
			);
			defaultConfigurationIsVisible = 0;
			defaultConfigurationName = Debug;
		};
/* End XCConfigurationList section */
	};
	rootObject = 2EE4F510C7DBE3B47015C0FD /* Project object */;
}
